// !$*UTF8*$!
{
	archiveVersion = 1;
	classes = {
	};
	objectVersion = 55;
	objects = {

/* Begin PBXBuildFile section */
		1ED82F03290B202800581A5C /* MyButtonFactory.swift in Sources */ = {isa = PBXBuildFile; fileRef = 1ED82F02290B202800581A5C /* MyButtonFactory.swift */; };
		1ED82F07290B217500581A5C /* MyButtonFactoryTests.swift in Sources */ = {isa = PBXBuildFile; fileRef = 1ED82F06290B217500581A5C /* MyButtonFactoryTests.swift */; };
		1EDD98522903057800990E97 /* AppDelegate.swift in Sources */ = {isa = PBXBuildFile; fileRef = 1EDD98512903057800990E97 /* AppDelegate.swift */; };
		1EDD98542903057800990E97 /* SceneDelegate.swift in Sources */ = {isa = PBXBuildFile; fileRef = 1EDD98532903057800990E97 /* SceneDelegate.swift */; };
		1EDD98562903057800990E97 /* ViewController.swift in Sources */ = {isa = PBXBuildFile; fileRef = 1EDD98552903057800990E97 /* ViewController.swift */; };
		1EDD98592903057800990E97 /* Main.storyboard in Resources */ = {isa = PBXBuildFile; fileRef = 1EDD98572903057800990E97 /* Main.storyboard */; };
		1EDD985B2903057A00990E97 /* Assets.xcassets in Resources */ = {isa = PBXBuildFile; fileRef = 1EDD985A2903057A00990E97 /* Assets.xcassets */; };
		1EDD985E2903057A00990E97 /* LaunchScreen.storyboard in Resources */ = {isa = PBXBuildFile; fileRef = 1EDD985C2903057A00990E97 /* LaunchScreen.storyboard */; };
		1EDD98692903057A00990E97 /* MyButtonModuleTests.swift in Sources */ = {isa = PBXBuildFile; fileRef = 1EDD98682903057A00990E97 /* MyButtonModuleTests.swift */; };
		1EDD98732903057A00990E97 /* MyButtonModuleUITests.swift in Sources */ = {isa = PBXBuildFile; fileRef = 1EDD98722903057A00990E97 /* MyButtonModuleUITests.swift */; };
		1EDD98752903057A00990E97 /* MyButtonModuleUITestsLaunchTests.swift in Sources */ = {isa = PBXBuildFile; fileRef = 1EDD98742903057A00990E97 /* MyButtonModuleUITestsLaunchTests.swift */; };
/* End PBXBuildFile section */

/* Begin PBXContainerItemProxy section */
		1EDD98652903057A00990E97 /* PBXContainerItemProxy */ = {
			isa = PBXContainerItemProxy;
			containerPortal = 1EDD98462903057800990E97 /* Project object */;
			proxyType = 1;
			remoteGlobalIDString = 1EDD984D2903057800990E97;
			remoteInfo = MyButtonModule;
		};
		1EDD986F2903057A00990E97 /* PBXContainerItemProxy */ = {
			isa = PBXContainerItemProxy;
			containerPortal = 1EDD98462903057800990E97 /* Project object */;
			proxyType = 1;
			remoteGlobalIDString = 1EDD984D2903057800990E97;
			remoteInfo = MyButtonModule;
		};
/* End PBXContainerItemProxy section */

/* Begin PBXFileReference section */
		1ED82F02290B202800581A5C /* MyButtonFactory.swift */ = {isa = PBXFileReference; lastKnownFileType = sourcecode.swift; path = MyButtonFactory.swift; sourceTree = "<group>"; };
		1ED82F06290B217500581A5C /* MyButtonFactoryTests.swift */ = {isa = PBXFileReference; lastKnownFileType = sourcecode.swift; path = MyButtonFactoryTests.swift; sourceTree = "<group>"; };
		1EDD984E2903057800990E97 /* MyButtonModule.app */ = {isa = PBXFileReference; explicitFileType = wrapper.application; includeInIndex = 0; path = MyButtonModule.app; sourceTree = BUILT_PRODUCTS_DIR; };
		1EDD98512903057800990E97 /* AppDelegate.swift */ = {isa = PBXFileReference; lastKnownFileType = sourcecode.swift; path = AppDelegate.swift; sourceTree = "<group>"; };
		1EDD98532903057800990E97 /* SceneDelegate.swift */ = {isa = PBXFileReference; lastKnownFileType = sourcecode.swift; path = SceneDelegate.swift; sourceTree = "<group>"; };
		1EDD98552903057800990E97 /* ViewController.swift */ = {isa = PBXFileReference; lastKnownFileType = sourcecode.swift; path = ViewController.swift; sourceTree = "<group>"; };
		1EDD98582903057800990E97 /* Base */ = {isa = PBXFileReference; lastKnownFileType = file.storyboard; name = Base; path = Base.lproj/Main.storyboard; sourceTree = "<group>"; };
		1EDD985A2903057A00990E97 /* Assets.xcassets */ = {isa = PBXFileReference; lastKnownFileType = folder.assetcatalog; path = Assets.xcassets; sourceTree = "<group>"; };
		1EDD985D2903057A00990E97 /* Base */ = {isa = PBXFileReference; lastKnownFileType = file.storyboard; name = Base; path = Base.lproj/LaunchScreen.storyboard; sourceTree = "<group>"; };
		1EDD985F2903057A00990E97 /* Info.plist */ = {isa = PBXFileReference; lastKnownFileType = text.plist.xml; path = Info.plist; sourceTree = "<group>"; };
		1EDD98642903057A00990E97 /* MyButtonModuleTests.xctest */ = {isa = PBXFileReference; explicitFileType = wrapper.cfbundle; includeInIndex = 0; path = MyButtonModuleTests.xctest; sourceTree = BUILT_PRODUCTS_DIR; };
		1EDD98682903057A00990E97 /* MyButtonModuleTests.swift */ = {isa = PBXFileReference; lastKnownFileType = sourcecode.swift; path = MyButtonModuleTests.swift; sourceTree = "<group>"; };
		1EDD986E2903057A00990E97 /* MyButtonModuleUITests.xctest */ = {isa = PBXFileReference; explicitFileType = wrapper.cfbundle; includeInIndex = 0; path = MyButtonModuleUITests.xctest; sourceTree = BUILT_PRODUCTS_DIR; };
		1EDD98722903057A00990E97 /* MyButtonModuleUITests.swift */ = {isa = PBXFileReference; lastKnownFileType = sourcecode.swift; path = MyButtonModuleUITests.swift; sourceTree = "<group>"; };
		1EDD98742903057A00990E97 /* MyButtonModuleUITestsLaunchTests.swift */ = {isa = PBXFileReference; lastKnownFileType = sourcecode.swift; path = MyButtonModuleUITestsLaunchTests.swift; sourceTree = "<group>"; };
/* End PBXFileReference section */

/* Begin PBXFrameworksBuildPhase section */
		1EDD984B2903057800990E97 /* Frameworks */ = {
			isa = PBXFrameworksBuildPhase;
			buildActionMask = 2147483647;
			files = (
			);
			runOnlyForDeploymentPostprocessing = 0;
		};
		1EDD98612903057A00990E97 /* Frameworks */ = {
			isa = PBXFrameworksBuildPhase;
			buildActionMask = 2147483647;
			files = (
			);
			runOnlyForDeploymentPostprocessing = 0;
		};
		1EDD986B2903057A00990E97 /* Frameworks */ = {
			isa = PBXFrameworksBuildPhase;
			buildActionMask = 2147483647;
			files = (
			);
			runOnlyForDeploymentPostprocessing = 0;
		};
/* End PBXFrameworksBuildPhase section */

/* Begin PBXGroup section */
		1ED82F01290B201400581A5C /* Public */ = {
			isa = PBXGroup;
			children = (
				1ED82F02290B202800581A5C /* MyButtonFactory.swift */,
			);
			path = Public;
			sourceTree = "<group>";
		};
		1ED82F05290B216400581A5C /* Public */ = {
			isa = PBXGroup;
			children = (
				1ED82F06290B217500581A5C /* MyButtonFactoryTests.swift */,
			);
			path = Public;
			sourceTree = "<group>";
		};
		1EDD98452903057800990E97 = {
			isa = PBXGroup;
			children = (
				1EDD98502903057800990E97 /* MyButtonModule */,
				1EDD98672903057A00990E97 /* MyButtonModuleTests */,
				1EDD98712903057A00990E97 /* MyButtonModuleUITests */,
				1EDD984F2903057800990E97 /* Products */,
			);
			sourceTree = "<group>";
		};
		1EDD984F2903057800990E97 /* Products */ = {
			isa = PBXGroup;
			children = (
				1EDD984E2903057800990E97 /* MyButtonModule.app */,
				1EDD98642903057A00990E97 /* MyButtonModuleTests.xctest */,
				1EDD986E2903057A00990E97 /* MyButtonModuleUITests.xctest */,
			);
			name = Products;
			sourceTree = "<group>";
		};
		1EDD98502903057800990E97 /* MyButtonModule */ = {
			isa = PBXGroup;
			children = (
				1ED82F01290B201400581A5C /* Public */,
				1EDD98512903057800990E97 /* AppDelegate.swift */,
				1EDD98532903057800990E97 /* SceneDelegate.swift */,
				1EDD98552903057800990E97 /* ViewController.swift */,
				1EDD98572903057800990E97 /* Main.storyboard */,
				1EDD985A2903057A00990E97 /* Assets.xcassets */,
				1EDD985C2903057A00990E97 /* LaunchScreen.storyboard */,
				1EDD985F2903057A00990E97 /* Info.plist */,
			);
			path = MyButtonModule;
			sourceTree = "<group>";
		};
		1EDD98672903057A00990E97 /* MyButtonModuleTests */ = {
			isa = PBXGroup;
			children = (
				1ED82F05290B216400581A5C /* Public */,
				1EDD98682903057A00990E97 /* MyButtonModuleTests.swift */,
			);
			path = MyButtonModuleTests;
			sourceTree = "<group>";
		};
		1EDD98712903057A00990E97 /* MyButtonModuleUITests */ = {
			isa = PBXGroup;
			children = (
				1EDD98722903057A00990E97 /* MyButtonModuleUITests.swift */,
				1EDD98742903057A00990E97 /* MyButtonModuleUITestsLaunchTests.swift */,
			);
			path = MyButtonModuleUITests;
			sourceTree = "<group>";
		};
/* End PBXGroup section */

/* Begin PBXNativeTarget section */
		1EDD984D2903057800990E97 /* MyButtonModule */ = {
			isa = PBXNativeTarget;
			buildConfigurationList = 1EDD98782903057A00990E97 /* Build configuration list for PBXNativeTarget "MyButtonModule" */;
			buildPhases = (
				1EDD984A2903057800990E97 /* Sources */,
				1EDD984B2903057800990E97 /* Frameworks */,
				1EDD984C2903057800990E97 /* Resources */,
			);
			buildRules = (
			);
			dependencies = (
			);
			name = MyButtonModule;
			productName = MyButtonModule;
			productReference = 1EDD984E2903057800990E97 /* MyButtonModule.app */;
			productType = "com.apple.product-type.application";
		};
		1EDD98632903057A00990E97 /* MyButtonModuleTests */ = {
			isa = PBXNativeTarget;
			buildConfigurationList = 1EDD987B2903057A00990E97 /* Build configuration list for PBXNativeTarget "MyButtonModuleTests" */;
			buildPhases = (
				1EDD98602903057A00990E97 /* Sources */,
				1EDD98612903057A00990E97 /* Frameworks */,
				1EDD98622903057A00990E97 /* Resources */,
			);
			buildRules = (
			);
			dependencies = (
				1EDD98662903057A00990E97 /* PBXTargetDependency */,
			);
			name = MyButtonModuleTests;
			productName = MyButtonModuleTests;
			productReference = 1EDD98642903057A00990E97 /* MyButtonModuleTests.xctest */;
			productType = "com.apple.product-type.bundle.unit-test";
		};
		1EDD986D2903057A00990E97 /* MyButtonModuleUITests */ = {
			isa = PBXNativeTarget;
			buildConfigurationList = 1EDD987E2903057A00990E97 /* Build configuration list for PBXNativeTarget "MyButtonModuleUITests" */;
			buildPhases = (
				1EDD986A2903057A00990E97 /* Sources */,
				1EDD986B2903057A00990E97 /* Frameworks */,
				1EDD986C2903057A00990E97 /* Resources */,
			);
			buildRules = (
			);
			dependencies = (
				1EDD98702903057A00990E97 /* PBXTargetDependency */,
			);
			name = MyButtonModuleUITests;
			productName = MyButtonModuleUITests;
			productReference = 1EDD986E2903057A00990E97 /* MyButtonModuleUITests.xctest */;
			productType = "com.apple.product-type.bundle.ui-testing";
		};
/* End PBXNativeTarget section */

/* Begin PBXProject section */
		1EDD98462903057800990E97 /* Project object */ = {
			isa = PBXProject;
			attributes = {
				BuildIndependentTargetsInParallel = 1;
				LastSwiftUpdateCheck = 1340;
				LastUpgradeCheck = 1340;
				TargetAttributes = {
					1EDD984D2903057800990E97 = {
						CreatedOnToolsVersion = 13.4.1;
					};
					1EDD98632903057A00990E97 = {
						CreatedOnToolsVersion = 13.4.1;
						TestTargetID = 1EDD984D2903057800990E97;
					};
					1EDD986D2903057A00990E97 = {
						CreatedOnToolsVersion = 13.4.1;
						TestTargetID = 1EDD984D2903057800990E97;
					};
				};
			};
			buildConfigurationList = 1EDD98492903057800990E97 /* Build configuration list for PBXProject "MyButtonModule" */;
			compatibilityVersion = "Xcode 13.0";
			developmentRegion = en;
			hasScannedForEncodings = 0;
			knownRegions = (
				en,
				Base,
			);
			mainGroup = 1EDD98452903057800990E97;
			productRefGroup = 1EDD984F2903057800990E97 /* Products */;
			projectDirPath = "";
			projectRoot = "";
			targets = (
				1EDD984D2903057800990E97 /* MyButtonModule */,
				1EDD98632903057A00990E97 /* MyButtonModuleTests */,
				1EDD986D2903057A00990E97 /* MyButtonModuleUITests */,
			);
		};
/* End PBXProject section */

/* Begin PBXResourcesBuildPhase section */
		1EDD984C2903057800990E97 /* Resources */ = {
			isa = PBXResourcesBuildPhase;
			buildActionMask = 2147483647;
			files = (
				1EDD985E2903057A00990E97 /* LaunchScreen.storyboard in Resources */,
				1EDD985B2903057A00990E97 /* Assets.xcassets in Resources */,
				1EDD98592903057800990E97 /* Main.storyboard in Resources */,
			);
			runOnlyForDeploymentPostprocessing = 0;
		};
		1EDD98622903057A00990E97 /* Resources */ = {
			isa = PBXResourcesBuildPhase;
			buildActionMask = 2147483647;
			files = (
			);
			runOnlyForDeploymentPostprocessing = 0;
		};
		1EDD986C2903057A00990E97 /* Resources */ = {
			isa = PBXResourcesBuildPhase;
			buildActionMask = 2147483647;
			files = (
			);
			runOnlyForDeploymentPostprocessing = 0;
		};
/* End PBXResourcesBuildPhase section */

/* Begin PBXSourcesBuildPhase section */
		1EDD984A2903057800990E97 /* Sources */ = {
			isa = PBXSourcesBuildPhase;
			buildActionMask = 2147483647;
			files = (
				1EDD98562903057800990E97 /* ViewController.swift in Sources */,
				1EDD98522903057800990E97 /* AppDelegate.swift in Sources */,
				1ED82F03290B202800581A5C /* MyButtonFactory.swift in Sources */,
				1EDD98542903057800990E97 /* SceneDelegate.swift in Sources */,
			);
			runOnlyForDeploymentPostprocessing = 0;
		};
		1EDD98602903057A00990E97 /* Sources */ = {
			isa = PBXSourcesBuildPhase;
			buildActionMask = 2147483647;
			files = (
				1ED82F07290B217500581A5C /* MyButtonFactoryTests.swift in Sources */,
				1EDD98692903057A00990E97 /* MyButtonModuleTests.swift in Sources */,
			);
			runOnlyForDeploymentPostprocessing = 0;
		};
		1EDD986A2903057A00990E97 /* Sources */ = {
			isa = PBXSourcesBuildPhase;
			buildActionMask = 2147483647;
			files = (
				1EDD98752903057A00990E97 /* MyButtonModuleUITestsLaunchTests.swift in Sources */,
				1EDD98732903057A00990E97 /* MyButtonModuleUITests.swift in Sources */,
			);
			runOnlyForDeploymentPostprocessing = 0;
		};
/* End PBXSourcesBuildPhase section */

/* Begin PBXTargetDependency section */
		1EDD98662903057A00990E97 /* PBXTargetDependency */ = {
			isa = PBXTargetDependency;
			target = 1EDD984D2903057800990E97 /* MyButtonModule */;
			targetProxy = 1EDD98652903057A00990E97 /* PBXContainerItemProxy */;
		};
		1EDD98702903057A00990E97 /* PBXTargetDependency */ = {
			isa = PBXTargetDependency;
			target = 1EDD984D2903057800990E97 /* MyButtonModule */;
			targetProxy = 1EDD986F2903057A00990E97 /* PBXContainerItemProxy */;
		};
/* End PBXTargetDependency section */

/* Begin PBXVariantGroup section */
		1EDD98572903057800990E97 /* Main.storyboard */ = {
			isa = PBXVariantGroup;
			children = (
				1EDD98582903057800990E97 /* Base */,
			);
			name = Main.storyboard;
			sourceTree = "<group>";
		};
		1EDD985C2903057A00990E97 /* LaunchScreen.storyboard */ = {
			isa = PBXVariantGroup;
			children = (
				1EDD985D2903057A00990E97 /* Base */,
			);
			name = LaunchScreen.storyboard;
			sourceTree = "<group>";
		};
/* End PBXVariantGroup section */

/* Begin XCBuildConfiguration section */
		1EDD98762903057A00990E97 /* Debug */ = {
			isa = XCBuildConfiguration;
			buildSettings = {
				ALWAYS_SEARCH_USER_PATHS = NO;
				CLANG_ANALYZER_NONNULL = YES;
				CLANG_ANALYZER_NUMBER_OBJECT_CONVERSION = YES_AGGRESSIVE;
				CLANG_CXX_LANGUAGE_STANDARD = "gnu++17";
				CLANG_ENABLE_MODULES = YES;
				CLANG_ENABLE_OBJC_ARC = YES;
				CLANG_ENABLE_OBJC_WEAK = YES;
				CLANG_WARN_BLOCK_CAPTURE_AUTORELEASING = YES;
				CLANG_WARN_BOOL_CONVERSION = YES;
				CLANG_WARN_COMMA = YES;
				CLANG_WARN_CONSTANT_CONVERSION = YES;
				CLANG_WARN_DEPRECATED_OBJC_IMPLEMENTATIONS = YES;
				CLANG_WARN_DIRECT_OBJC_ISA_USAGE = YES_ERROR;
				CLANG_WARN_DOCUMENTATION_COMMENTS = YES;
				CLANG_WARN_EMPTY_BODY = YES;
				CLANG_WARN_ENUM_CONVERSION = YES;
				CLANG_WARN_INFINITE_RECURSION = YES;
				CLANG_WARN_INT_CONVERSION = YES;
				CLANG_WARN_NON_LITERAL_NULL_CONVERSION = YES;
				CLANG_WARN_OBJC_IMPLICIT_RETAIN_SELF = YES;
				CLANG_WARN_OBJC_LITERAL_CONVERSION = YES;
				CLANG_WARN_OBJC_ROOT_CLASS = YES_ERROR;
				CLANG_WARN_QUOTED_INCLUDE_IN_FRAMEWORK_HEADER = YES;
				CLANG_WARN_RANGE_LOOP_ANALYSIS = YES;
				CLANG_WARN_STRICT_PROTOTYPES = YES;
				CLANG_WARN_SUSPICIOUS_MOVE = YES;
				CLANG_WARN_UNGUARDED_AVAILABILITY = YES_AGGRESSIVE;
				CLANG_WARN_UNREACHABLE_CODE = YES;
				CLANG_WARN__DUPLICATE_METHOD_MATCH = YES;
				COPY_PHASE_STRIP = NO;
				DEBUG_INFORMATION_FORMAT = dwarf;
				ENABLE_STRICT_OBJC_MSGSEND = YES;
				ENABLE_TESTABILITY = YES;
				GCC_C_LANGUAGE_STANDARD = gnu11;
				GCC_DYNAMIC_NO_PIC = NO;
				GCC_NO_COMMON_BLOCKS = YES;
				GCC_OPTIMIZATION_LEVEL = 0;
				GCC_PREPROCESSOR_DEFINITIONS = (
					"DEBUG=1",
					"$(inherited)",
				);
				GCC_WARN_64_TO_32_BIT_CONVERSION = YES;
				GCC_WARN_ABOUT_RETURN_TYPE = YES_ERROR;
				GCC_WARN_UNDECLARED_SELECTOR = YES;
				GCC_WARN_UNINITIALIZED_AUTOS = YES_AGGRESSIVE;
				GCC_WARN_UNUSED_FUNCTION = YES;
				GCC_WARN_UNUSED_VARIABLE = YES;
				IPHONEOS_DEPLOYMENT_TARGET = 15.5;
				MTL_ENABLE_DEBUG_INFO = INCLUDE_SOURCE;
				MTL_FAST_MATH = YES;
				ONLY_ACTIVE_ARCH = YES;
				SDKROOT = iphoneos;
				SWIFT_ACTIVE_COMPILATION_CONDITIONS = DEBUG;
				SWIFT_OPTIMIZATION_LEVEL = "-Onone";
			};
			name = Debug;
		};
		1EDD98772903057A00990E97 /* Release */ = {
			isa = XCBuildConfiguration;
			buildSettings = {
				ALWAYS_SEARCH_USER_PATHS = NO;
				CLANG_ANALYZER_NONNULL = YES;
				CLANG_ANALYZER_NUMBER_OBJECT_CONVERSION = YES_AGGRESSIVE;
				CLANG_CXX_LANGUAGE_STANDARD = "gnu++17";
				CLANG_ENABLE_MODULES = YES;
				CLANG_ENABLE_OBJC_ARC = YES;
				CLANG_ENABLE_OBJC_WEAK = YES;
				CLANG_WARN_BLOCK_CAPTURE_AUTORELEASING = YES;
				CLANG_WARN_BOOL_CONVERSION = YES;
				CLANG_WARN_COMMA = YES;
				CLANG_WARN_CONSTANT_CONVERSION = YES;
				CLANG_WARN_DEPRECATED_OBJC_IMPLEMENTATIONS = YES;
				CLANG_WARN_DIRECT_OBJC_ISA_USAGE = YES_ERROR;
				CLANG_WARN_DOCUMENTATION_COMMENTS = YES;
				CLANG_WARN_EMPTY_BODY = YES;
				CLANG_WARN_ENUM_CONVERSION = YES;
				CLANG_WARN_INFINITE_RECURSION = YES;
				CLANG_WARN_INT_CONVERSION = YES;
				CLANG_WARN_NON_LITERAL_NULL_CONVERSION = YES;
				CLANG_WARN_OBJC_IMPLICIT_RETAIN_SELF = YES;
				CLANG_WARN_OBJC_LITERAL_CONVERSION = YES;
				CLANG_WARN_OBJC_ROOT_CLASS = YES_ERROR;
				CLANG_WARN_QUOTED_INCLUDE_IN_FRAMEWORK_HEADER = YES;
				CLANG_WARN_RANGE_LOOP_ANALYSIS = YES;
				CLANG_WARN_STRICT_PROTOTYPES = YES;
				CLANG_WARN_SUSPICIOUS_MOVE = YES;
				CLANG_WARN_UNGUARDED_AVAILABILITY = YES_AGGRESSIVE;
				CLANG_WARN_UNREACHABLE_CODE = YES;
				CLANG_WARN__DUPLICATE_METHOD_MATCH = YES;
				COPY_PHASE_STRIP = NO;
				DEBUG_INFORMATION_FORMAT = "dwarf-with-dsym";
				ENABLE_NS_ASSERTIONS = NO;
				ENABLE_STRICT_OBJC_MSGSEND = YES;
				GCC_C_LANGUAGE_STANDARD = gnu11;
				GCC_NO_COMMON_BLOCKS = YES;
				GCC_WARN_64_TO_32_BIT_CONVERSION = YES;
				GCC_WARN_ABOUT_RETURN_TYPE = YES_ERROR;
				GCC_WARN_UNDECLARED_SELECTOR = YES;
				GCC_WARN_UNINITIALIZED_AUTOS = YES_AGGRESSIVE;
				GCC_WARN_UNUSED_FUNCTION = YES;
				GCC_WARN_UNUSED_VARIABLE = YES;
				IPHONEOS_DEPLOYMENT_TARGET = 15.5;
				MTL_ENABLE_DEBUG_INFO = NO;
				MTL_FAST_MATH = YES;
				SDKROOT = iphoneos;
				SWIFT_COMPILATION_MODE = wholemodule;
				SWIFT_OPTIMIZATION_LEVEL = "-O";
				VALIDATE_PRODUCT = YES;
			};
			name = Release;
		};
		1EDD98792903057A00990E97 /* Debug */ = {
			isa = XCBuildConfiguration;
			buildSettings = {
				ASSETCATALOG_COMPILER_APPICON_NAME = AppIcon;
				ASSETCATALOG_COMPILER_GLOBAL_ACCENT_COLOR_NAME = AccentColor;
				CODE_SIGN_STYLE = Automatic;
				CURRENT_PROJECT_VERSION = 1;
				GENERATE_INFOPLIST_FILE = YES;
				INFOPLIST_FILE = MyButtonModule/Info.plist;
				INFOPLIST_KEY_UIApplicationSupportsIndirectInputEvents = YES;
				INFOPLIST_KEY_UILaunchStoryboardName = LaunchScreen;
				INFOPLIST_KEY_UIMainStoryboardFile = Main;
				INFOPLIST_KEY_UISupportedInterfaceOrientations_iPad = "UIInterfaceOrientationPortrait UIInterfaceOrientationPortraitUpsideDown UIInterfaceOrientationLandscapeLeft UIInterfaceOrientationLandscapeRight";
				INFOPLIST_KEY_UISupportedInterfaceOrientations_iPhone = "UIInterfaceOrientationPortrait UIInterfaceOrientationLandscapeLeft UIInterfaceOrientationLandscapeRight";
				LD_RUNPATH_SEARCH_PATHS = (
					"$(inherited)",
					"@executable_path/Frameworks",
				);
				MARKETING_VERSION = 1.0;
				PRODUCT_BUNDLE_IDENTIFIER = com.camilaluisa.MyButtonModule;
				PRODUCT_NAME = "$(TARGET_NAME)";
				SWIFT_EMIT_LOC_STRINGS = YES;
				SWIFT_VERSION = 5.0;
				TARGETED_DEVICE_FAMILY = "1,2";
			};
			name = Debug;
		};
		1EDD987A2903057A00990E97 /* Release */ = {
			isa = XCBuildConfiguration;
			buildSettings = {
				ASSETCATALOG_COMPILER_APPICON_NAME = AppIcon;
				ASSETCATALOG_COMPILER_GLOBAL_ACCENT_COLOR_NAME = AccentColor;
				CODE_SIGN_STYLE = Automatic;
				CURRENT_PROJECT_VERSION = 1;
				GENERATE_INFOPLIST_FILE = YES;
				INFOPLIST_FILE = MyButtonModule/Info.plist;
				INFOPLIST_KEY_UIApplicationSupportsIndirectInputEvents = YES;
				INFOPLIST_KEY_UILaunchStoryboardName = LaunchScreen;
				INFOPLIST_KEY_UIMainStoryboardFile = Main;
				INFOPLIST_KEY_UISupportedInterfaceOrientations_iPad = "UIInterfaceOrientationPortrait UIInterfaceOrientationPortraitUpsideDown UIInterfaceOrientationLandscapeLeft UIInterfaceOrientationLandscapeRight";
				INFOPLIST_KEY_UISupportedInterfaceOrientations_iPhone = "UIInterfaceOrientationPortrait UIInterfaceOrientationLandscapeLeft UIInterfaceOrientationLandscapeRight";
				LD_RUNPATH_SEARCH_PATHS = (
					"$(inherited)",
					"@executable_path/Frameworks",
				);
				MARKETING_VERSION = 1.0;
				PRODUCT_BUNDLE_IDENTIFIER = com.camilaluisa.MyButtonModule;
				PRODUCT_NAME = "$(TARGET_NAME)";
				SWIFT_EMIT_LOC_STRINGS = YES;
				SWIFT_VERSION = 5.0;
				TARGETED_DEVICE_FAMILY = "1,2";
			};
			name = Release;
		};
		1EDD987C2903057A00990E97 /* Debug */ = {
			isa = XCBuildConfiguration;
			buildSettings = {
				ALWAYS_EMBED_SWIFT_STANDARD_LIBRARIES = YES;
				BUNDLE_LOADER = "$(TEST_HOST)";
				CODE_SIGN_STYLE = Automatic;
				CURRENT_PROJECT_VERSION = 1;
				GENERATE_INFOPLIST_FILE = YES;
				IPHONEOS_DEPLOYMENT_TARGET = 15.5;
				MARKETING_VERSION = 1.0;
				PRODUCT_BUNDLE_IDENTIFIER = com.camilaluisa.MyButtonModuleTests;
				PRODUCT_NAME = "$(TARGET_NAME)";
				SWIFT_EMIT_LOC_STRINGS = NO;
				SWIFT_VERSION = 5.0;
				TARGETED_DEVICE_FAMILY = "1,2";
				TEST_HOST = "$(BUILT_PRODUCTS_DIR)/MyButtonModule.app/MyButtonModule";
			};
			name = Debug;
		};
		1EDD987D2903057A00990E97 /* Release */ = {
			isa = XCBuildConfiguration;
			buildSettings = {
				ALWAYS_EMBED_SWIFT_STANDARD_LIBRARIES = YES;
				BUNDLE_LOADER = "$(TEST_HOST)";
				CODE_SIGN_STYLE = Automatic;
				CURRENT_PROJECT_VERSION = 1;
				GENERATE_INFOPLIST_FILE = YES;
				IPHONEOS_DEPLOYMENT_TARGET = 15.5;
				MARKETING_VERSION = 1.0;
				PRODUCT_BUNDLE_IDENTIFIER = com.camilaluisa.MyButtonModuleTests;
				PRODUCT_NAME = "$(TARGET_NAME)";
				SWIFT_EMIT_LOC_STRINGS = NO;
				SWIFT_VERSION = 5.0;
				TARGETED_DEVICE_FAMILY = "1,2";
				TEST_HOST = "$(BUILT_PRODUCTS_DIR)/MyButtonModule.app/MyButtonModule";
			};
			name = Release;
		};
		1EDD987F2903057A00990E97 /* Debug */ = {
			isa = XCBuildConfiguration;
			buildSettings = {
				ALWAYS_EMBED_SWIFT_STANDARD_LIBRARIES = YES;
				CODE_SIGN_STYLE = Automatic;
				CURRENT_PROJECT_VERSION = 1;
				GENERATE_INFOPLIST_FILE = YES;
				MARKETING_VERSION = 1.0;
				PRODUCT_BUNDLE_IDENTIFIER = com.camilaluisa.MyButtonModuleUITests;
				PRODUCT_NAME = "$(TARGET_NAME)";
				SWIFT_EMIT_LOC_STRINGS = NO;
				SWIFT_VERSION = 5.0;
				TARGETED_DEVICE_FAMILY = "1,2";
				TEST_TARGET_NAME = MyButtonModule;
			};
			name = Debug;
		};
		1EDD98802903057A00990E97 /* Release */ = {
			isa = XCBuildConfiguration;
			buildSettings = {
				ALWAYS_EMBED_SWIFT_STANDARD_LIBRARIES = YES;
				CODE_SIGN_STYLE = Automatic;
				CURRENT_PROJECT_VERSION = 1;
				GENERATE_INFOPLIST_FILE = YES;
				MARKETING_VERSION = 1.0;
				PRODUCT_BUNDLE_IDENTIFIER = com.camilaluisa.MyButtonModuleUITests;
				PRODUCT_NAME = "$(TARGET_NAME)";
				SWIFT_EMIT_LOC_STRINGS = NO;
				SWIFT_VERSION = 5.0;
				TARGETED_DEVICE_FAMILY = "1,2";
				TEST_TARGET_NAME = MyButtonModule;
			};
			name = Release;
		};
/* End XCBuildConfiguration section */

/* Begin XCConfigurationList section */
		1EDD98492903057800990E97 /* Build configuration list for PBXProject "MyButtonModule" */ = {
			isa = XCConfigurationList;
			buildConfigurations = (
				1EDD98762903057A00990E97 /* Debug */,
				1EDD98772903057A00990E97 /* Release */,
			);
			defaultConfigurationIsVisible = 0;
			defaultConfigurationName = Release;
		};
		1EDD98782903057A00990E97 /* Build configuration list for PBXNativeTarget "MyButtonModule" */ = {
			isa = XCConfigurationList;
			buildConfigurations = (
				1EDD98792903057A00990E97 /* Debug */,
				1EDD987A2903057A00990E97 /* Release */,
			);
			defaultConfigurationIsVisible = 0;
			defaultConfigurationName = Release;
		};
		1EDD987B2903057A00990E97 /* Build configuration list for PBXNativeTarget "MyButtonModuleTests" */ = {
			isa = XCConfigurationList;
			buildConfigurations = (
				1EDD987C2903057A00990E97 /* Debug */,
				1EDD987D2903057A00990E97 /* Release */,
			);
			defaultConfigurationIsVisible = 0;
			defaultConfigurationName = Release;
		};
		1EDD987E2903057A00990E97 /* Build configuration list for PBXNativeTarget "MyButtonModuleUITests" */ = {
			isa = XCConfigurationList;
			buildConfigurations = (
				1EDD987F2903057A00990E97 /* Debug */,
				1EDD98802903057A00990E97 /* Release */,
			);
			defaultConfigurationIsVisible = 0;
			defaultConfigurationName = Release;
		};
/* End XCConfigurationList section */
	};
	rootObject = 1EDD98462903057800990E97 /* Project object */;
}
